
Microsoft Visual Studio Solution File, Format Version 12.00
# Visual Studio Version 17
VisualStudioVersion = 17.7.34202.233
MinimumVisualStudioVersion = 10.0.40219.1
Project("{FAE04EC0-301F-11D3-BF4B-00C04F79EFBC}") = "asdf", "asdf.csproj", "{78D43EFD-F498-4806-ADC4-2FC0C94B9042}"
EndProject
Global
	GlobalSection(SolutionConfigurationPlatforms) = preSolution
		Debug|Any CPU = Debug|Any CPU
		Release|Any CPU = Release|Any CPU
	EndGlobalSection
	GlobalSection(ProjectConfigurationPlatforms) = postSolution
		{78D43EFD-F498-4806-ADC4-2FC0C94B9042}.Debug|Any CPU.ActiveCfg = Debug|Any CPU
		{78D43EFD-F498-4806-ADC4-2FC0C94B9042}.Debug|Any CPU.Build.0 = Debug|Any CPU
		{78D43EFD-F498-4806-ADC4-2FC0C94B9042}.Release|Any CPU.ActiveCfg = Release|Any CPU
		{78D43EFD-F498-4806-ADC4-2FC0C94B9042}.Release|Any CPU.Build.0 = Release|Any CPU
	EndGlobalSection
	GlobalSection(SolutionProperties) = preSolution
		HideSolutionNode = FALSE
	EndGlobalSection
	GlobalSection(ExtensibilityGlobals) = postSolution
		SolutionGuid = {C1CB8B22-F03C-41B8-9781-AAF5012435EC}
	EndGlobalSection
EndGlobal
